
Microsoft Visual Studio Solution File, Format Version 12.00
# Visual Studio Version 17
VisualStudioVersion = 17.4.33110.190
MinimumVisualStudioVersion = 10.0.40219.1
Project("{9A19103F-16F7-4668-BE54-9A1E7A4F7556}") = "ProtofbuffAPI", "ProtofbuffAPI\ProtofbuffAPI.csproj", "{7102E57B-7019-4BA9-85CE-2880A1A29904}"
EndProject
Project("{FAE04EC0-301F-11D3-BF4B-00C04F79EFBC}") = "BenchmarkWorker", "BenchmarkWorker\BenchmarkWorker.csproj", "{847FDF9D-33D3-436D-95A8-00EA904600AF}"
EndProject
Project("{FAE04EC0-301F-11D3-BF4B-00C04F79EFBC}") = "KafkaServices", "KafkaServices\KafkaServices.csproj", "{1FEE6D1C-155F-43B4-9E13-9E213F04CA96}"
EndProject
Global
	GlobalSection(SolutionConfigurationPlatforms) = preSolution
		Debug|Any CPU = Debug|Any CPU
		Release|Any CPU = Release|Any CPU
	EndGlobalSection
	GlobalSection(ProjectConfigurationPlatforms) = postSolution
		{7102E57B-7019-4BA9-85CE-2880A1A29904}.Debug|Any CPU.ActiveCfg = Debug|Any CPU
		{7102E57B-7019-4BA9-85CE-2880A1A29904}.Debug|Any CPU.Build.0 = Debug|Any CPU
		{7102E57B-7019-4BA9-85CE-2880A1A29904}.Release|Any CPU.ActiveCfg = Release|Any CPU
		{7102E57B-7019-4BA9-85CE-2880A1A29904}.Release|Any CPU.Build.0 = Release|Any CPU
		{847FDF9D-33D3-436D-95A8-00EA904600AF}.Debug|Any CPU.ActiveCfg = Debug|Any CPU
		{847FDF9D-33D3-436D-95A8-00EA904600AF}.Debug|Any CPU.Build.0 = Debug|Any CPU
		{847FDF9D-33D3-436D-95A8-00EA904600AF}.Release|Any CPU.ActiveCfg = Release|Any CPU
		{847FDF9D-33D3-436D-95A8-00EA904600AF}.Release|Any CPU.Build.0 = Release|Any CPU
		{1FEE6D1C-155F-43B4-9E13-9E213F04CA96}.Debug|Any CPU.ActiveCfg = Debug|Any CPU
		{1FEE6D1C-155F-43B4-9E13-9E213F04CA96}.Debug|Any CPU.Build.0 = Debug|Any CPU
		{1FEE6D1C-155F-43B4-9E13-9E213F04CA96}.Release|Any CPU.ActiveCfg = Release|Any CPU
		{1FEE6D1C-155F-43B4-9E13-9E213F04CA96}.Release|Any CPU.Build.0 = Release|Any CPU
	EndGlobalSection
	GlobalSection(SolutionProperties) = preSolution
		HideSolutionNode = FALSE
	EndGlobalSection
	GlobalSection(ExtensibilityGlobals) = postSolution
		SolutionGuid = {D78CC525-A147-43E6-A5C0-0C72C7D9C091}
	EndGlobalSection
EndGlobal
